{
  "name": "bike-fit-benchmark",
  "version": "0.0.1",
  "lockfileVersion": 3,
  "requires": true,
  "packages": {
    "": {
      "name": "bike-fit-benchmark",
      "version": "0.0.1",
      "dependencies": {
        "@mediapipe/tasks-vision": "^0.10.22-rc.20250304"
      }
    },
    "node_modules/@mediapipe/tasks-vision": {
      "version": "0.10.22-rc.20250304",
      "resolved": "http://package-firewall.replit.local/npm/@mediapipe/tasks-vision/-/tasks-vision-0.10.22-rc.20250304.tgz",
      "integrity": "sha512-dElxVXMFGthshfIj+qAVm8KE2jmNo2p8oXFib8WzEjb7GNaX/ClWBc8UJfoSZwjEMVrdHJ4YUfa7P3ifl6MIWw==",
      "license": "Apache-2.0"
    }
  }
}
